
Microsoft Visual Studio Solution File, Format Version 12.00
# Visual Studio Version 16
VisualStudioVersion = 16.0.32002.261
MinimumVisualStudioVersion = 10.0.40219.1
Project("{FAE04EC0-301F-11D3-BF4B-00C04F79EFBC}") = "Game of Nim", "Game of Nim\Game of Nim.csproj", "{3CFE3C79-80E6-49AA-9DA1-6AB3CE667ECE}"
EndProject
Global
	GlobalSection(SolutionConfigurationPlatforms) = preSolution
		Debug|Any CPU = Debug|Any CPU
		Release|Any CPU = Release|Any CPU
	EndGlobalSection
	GlobalSection(ProjectConfigurationPlatforms) = postSolution
		{3CFE3C79-80E6-49AA-9DA1-6AB3CE667ECE}.Debug|Any CPU.ActiveCfg = Debug|Any CPU
		{3CFE3C79-80E6-49AA-9DA1-6AB3CE667ECE}.Debug|Any CPU.Build.0 = Debug|Any CPU
		{3CFE3C79-80E6-49AA-9DA1-6AB3CE667ECE}.Release|Any CPU.ActiveCfg = Release|Any CPU
		{3CFE3C79-80E6-49AA-9DA1-6AB3CE667ECE}.Release|Any CPU.Build.0 = Release|Any CPU
	EndGlobalSection
	GlobalSection(SolutionProperties) = preSolution
		HideSolutionNode = FALSE
	EndGlobalSection
	GlobalSection(ExtensibilityGlobals) = postSolution
		SolutionGuid = {75CD50E2-180F-436D-8006-4B405FDDAE7F}
	EndGlobalSection
EndGlobal
